
Microsoft Visual Studio Solution File, Format Version 12.00
# Visual Studio 15
VisualStudioVersion = 15.0.28010.2036
MinimumVisualStudioVersion = 10.0.40219.1
Project("{9A19103F-16F7-4668-BE54-9A1E7A4F7556}") = "buzzex-dot-net", "buzzez-dot-net\buzzex-dot-net.csproj", "{13F8C09F-8B14-4DA7-AF89-36FBE0A03144}"
EndProject
Project("{2150E333-8FDC-42A3-9474-1A3956D46DE8}") = "Api", "Api", "{62AE9CAC-B6FE-4B69-AEDE-EDAFFDC11984}"
EndProject
Project("{2150E333-8FDC-42A3-9474-1A3956D46DE8}") = "Tests", "Tests", "{37D6C5C9-BA4A-47D5-A36D-C6856307DAB3}"
EndProject
Project("{FAE04EC0-301F-11D3-BF4B-00C04F79EFBC}") = "buzzex-dot-net.Tests", "buzzex-dot-net.Tests\buzzex-dot-net.Tests.csproj", "{29988A62-F127-4A3B-9B82-B8C7B2FFD3B9}"
EndProject
Global
	GlobalSection(SolutionConfigurationPlatforms) = preSolution
		Debug|Any CPU = Debug|Any CPU
		Release|Any CPU = Release|Any CPU
	EndGlobalSection
	GlobalSection(ProjectConfigurationPlatforms) = postSolution
		{13F8C09F-8B14-4DA7-AF89-36FBE0A03144}.Debug|Any CPU.ActiveCfg = Debug|Any CPU
		{13F8C09F-8B14-4DA7-AF89-36FBE0A03144}.Debug|Any CPU.Build.0 = Debug|Any CPU
		{13F8C09F-8B14-4DA7-AF89-36FBE0A03144}.Release|Any CPU.ActiveCfg = Release|Any CPU
		{13F8C09F-8B14-4DA7-AF89-36FBE0A03144}.Release|Any CPU.Build.0 = Release|Any CPU
		{29988A62-F127-4A3B-9B82-B8C7B2FFD3B9}.Debug|Any CPU.ActiveCfg = Debug|Any CPU
		{29988A62-F127-4A3B-9B82-B8C7B2FFD3B9}.Debug|Any CPU.Build.0 = Debug|Any CPU
		{29988A62-F127-4A3B-9B82-B8C7B2FFD3B9}.Release|Any CPU.ActiveCfg = Release|Any CPU
		{29988A62-F127-4A3B-9B82-B8C7B2FFD3B9}.Release|Any CPU.Build.0 = Release|Any CPU
	EndGlobalSection
	GlobalSection(SolutionProperties) = preSolution
		HideSolutionNode = FALSE
	EndGlobalSection
	GlobalSection(NestedProjects) = preSolution
		{13F8C09F-8B14-4DA7-AF89-36FBE0A03144} = {62AE9CAC-B6FE-4B69-AEDE-EDAFFDC11984}
		{29988A62-F127-4A3B-9B82-B8C7B2FFD3B9} = {37D6C5C9-BA4A-47D5-A36D-C6856307DAB3}
	EndGlobalSection
	GlobalSection(ExtensibilityGlobals) = postSolution
		SolutionGuid = {B68631DC-E58F-48A4-82E2-814A2A2C428B}
	EndGlobalSection
EndGlobal
